// !$*UTF8*$!
{
	archiveVersion = 1;
	classes = {
	};
	objectVersion = 46;
	objects = {

/* Begin PBXBuildFile section */
		E61994CD1C52560E00199806 /* ZSRStartViewController.m in Sources */ = {isa = PBXBuildFile; fileRef = E61994CC1C52560E00199806 /* ZSRStartViewController.m */; };
		E61994D21C526F3700199806 /* ZSRLoginViewController.m in Sources */ = {isa = PBXBuildFile; fileRef = E61994D11C526F3700199806 /* ZSRLoginViewController.m */; };
		E63465E01C52875B00FA9E5E /* LaunchImage.png in Resources */ = {isa = PBXBuildFile; fileRef = E63465DF1C52875B00FA9E5E /* LaunchImage.png */; };
		E6525C431C511141008B00EC /* main.m in Sources */ = {isa = PBXBuildFile; fileRef = E6525C421C511141008B00EC /* main.m */; };
		E6525C4E1C511142008B00EC /* Images.xcassets in Resources */ = {isa = PBXBuildFile; fileRef = E6525C4D1C511142008B00EC /* Images.xcassets */; };
		E6525C5D1C511142008B00EC /* MYWeiChatTests.m in Sources */ = {isa = PBXBuildFile; fileRef = E6525C5C1C511142008B00EC /* MYWeiChatTests.m */; };
		E65267981C511626008B00EC /* AppDelegate.m in Sources */ = {isa = PBXBuildFile; fileRef = E65267971C511626008B00EC /* AppDelegate.m */; };
		E68EA8D81C51267800A1F066 /* ZSRContactsViewController.m in Sources */ = {isa = PBXBuildFile; fileRef = E68EA8D71C51267800A1F066 /* ZSRContactsViewController.m */; };
		E68EA8DB1C5126FB00A1F066 /* ZSRMessageViewController.m in Sources */ = {isa = PBXBuildFile; fileRef = E68EA8DA1C5126FB00A1F066 /* ZSRMessageViewController.m */; };
		E68EA8DE1C51277B00A1F066 /* ZSRMeViewController.m in Sources */ = {isa = PBXBuildFile; fileRef = E68EA8DD1C51277B00A1F066 /* ZSRMeViewController.m */; };
		E68EA8E11C5127FF00A1F066 /* ZSRDiscoverViewController.m in Sources */ = {isa = PBXBuildFile; fileRef = E68EA8E01C5127FF00A1F066 /* ZSRDiscoverViewController.m */; };
		E69C08231CDE30C500D03B3B /* ZSRRegisgerViewController.m in Sources */ = {isa = PBXBuildFile; fileRef = E69C08221CDE30C500D03B3B /* ZSRRegisgerViewController.m */; };
		E6D869411C511A4100581206 /* ZSRTabBarViewController.m in Sources */ = {isa = PBXBuildFile; fileRef = E6D869401C511A4100581206 /* ZSRTabBarViewController.m */; };
		E6D869441C511B2000581206 /* ZSRNavigationViewController.m in Sources */ = {isa = PBXBuildFile; fileRef = E6D869431C511B2000581206 /* ZSRNavigationViewController.m */; };
/* End PBXBuildFile section */

/* Begin PBXContainerItemProxy section */
		E6525C571C511142008B00EC /* PBXContainerItemProxy */ = {
			isa = PBXContainerItemProxy;
			containerPortal = E6525C351C511141008B00EC /* Project object */;
			proxyType = 1;
			remoteGlobalIDString = E6525C3C1C511141008B00EC;
			remoteInfo = MYWeiChat;
		};
/* End PBXContainerItemProxy section */

/* Begin PBXFileReference section */
		E61994CB1C52560E00199806 /* ZSRStartViewController.h */ = {isa = PBXFileReference; fileEncoding = 4; lastKnownFileType = sourcecode.c.h; path = ZSRStartViewController.h; sourceTree = "<group>"; };
		E61994CC1C52560E00199806 /* ZSRStartViewController.m */ = {isa = PBXFileReference; fileEncoding = 4; lastKnownFileType = sourcecode.c.objc; path = ZSRStartViewController.m; sourceTree = "<group>"; };
		E61994D01C526F3700199806 /* ZSRLoginViewController.h */ = {isa = PBXFileReference; fileEncoding = 4; lastKnownFileType = sourcecode.c.h; path = ZSRLoginViewController.h; sourceTree = "<group>"; };
		E61994D11C526F3700199806 /* ZSRLoginViewController.m */ = {isa = PBXFileReference; fileEncoding = 4; lastKnownFileType = sourcecode.c.objc; path = ZSRLoginViewController.m; sourceTree = "<group>"; };
		E63465DF1C52875B00FA9E5E /* LaunchImage.png */ = {isa = PBXFileReference; lastKnownFileType = image.png; path = LaunchImage.png; sourceTree = "<group>"; };
		E6525C3D1C511141008B00EC /* MYWeiChat.app */ = {isa = PBXFileReference; explicitFileType = wrapper.application; includeInIndex = 0; path = MYWeiChat.app; sourceTree = BUILT_PRODUCTS_DIR; };
		E6525C411C511141008B00EC /* Info.plist */ = {isa = PBXFileReference; lastKnownFileType = text.plist.xml; path = Info.plist; sourceTree = "<group>"; };
		E6525C421C511141008B00EC /* main.m */ = {isa = PBXFileReference; lastKnownFileType = sourcecode.c.objc; path = main.m; sourceTree = "<group>"; };
		E6525C4D1C511142008B00EC /* Images.xcassets */ = {isa = PBXFileReference; lastKnownFileType = folder.assetcatalog; path = Images.xcassets; sourceTree = "<group>"; };
		E6525C561C511142008B00EC /* MYWeiChatTests.xctest */ = {isa = PBXFileReference; explicitFileType = wrapper.cfbundle; includeInIndex = 0; path = MYWeiChatTests.xctest; sourceTree = BUILT_PRODUCTS_DIR; };
		E6525C5B1C511142008B00EC /* Info.plist */ = {isa = PBXFileReference; lastKnownFileType = text.plist.xml; path = Info.plist; sourceTree = "<group>"; };
		E6525C5C1C511142008B00EC /* MYWeiChatTests.m */ = {isa = PBXFileReference; lastKnownFileType = sourcecode.c.objc; path = MYWeiChatTests.m; sourceTree = "<group>"; };
		E65261D51C5113F6008B00EC /* PrefixHeader.pch */ = {isa = PBXFileReference; lastKnownFileType = sourcecode.c.h; path = PrefixHeader.pch; sourceTree = "<group>"; };
		E65267961C511626008B00EC /* AppDelegate.h */ = {isa = PBXFileReference; fileEncoding = 4; lastKnownFileType = sourcecode.c.h; path = AppDelegate.h; sourceTree = "<group>"; };
		E65267971C511626008B00EC /* AppDelegate.m */ = {isa = PBXFileReference; fileEncoding = 4; lastKnownFileType = sourcecode.c.objc; path = AppDelegate.m; sourceTree = "<group>"; };
		E68EA8D61C51267800A1F066 /* ZSRContactsViewController.h */ = {isa = PBXFileReference; fileEncoding = 4; lastKnownFileType = sourcecode.c.h; path = ZSRContactsViewController.h; sourceTree = "<group>"; };
		E68EA8D71C51267800A1F066 /* ZSRContactsViewController.m */ = {isa = PBXFileReference; fileEncoding = 4; lastKnownFileType = sourcecode.c.objc; path = ZSRContactsViewController.m; sourceTree = "<group>"; };
		E68EA8D91C5126FB00A1F066 /* ZSRMessageViewController.h */ = {isa = PBXFileReference; fileEncoding = 4; lastKnownFileType = sourcecode.c.h; path = ZSRMessageViewController.h; sourceTree = "<group>"; };
		E68EA8DA1C5126FB00A1F066 /* ZSRMessageViewController.m */ = {isa = PBXFileReference; fileEncoding = 4; lastKnownFileType = sourcecode.c.objc; path = ZSRMessageViewController.m; sourceTree = "<group>"; };
		E68EA8DC1C51277B00A1F066 /* ZSRMeViewController.h */ = {isa = PBXFileReference; fileEncoding = 4; lastKnownFileType = sourcecode.c.h; path = ZSRMeViewController.h; sourceTree = "<group>"; };
		E68EA8DD1C51277B00A1F066 /* ZSRMeViewController.m */ = {isa = PBXFileReference; fileEncoding = 4; lastKnownFileType = sourcecode.c.objc; path = ZSRMeViewController.m; sourceTree = "<group>"; };
		E68EA8DF1C5127FF00A1F066 /* ZSRDiscoverViewController.h */ = {isa = PBXFileReference; fileEncoding = 4; lastKnownFileType = sourcecode.c.h; path = ZSRDiscoverViewController.h; sourceTree = "<group>"; };
		E68EA8E01C5127FF00A1F066 /* ZSRDiscoverViewController.m */ = {isa = PBXFileReference; fileEncoding = 4; lastKnownFileType = sourcecode.c.objc; path = ZSRDiscoverViewController.m; sourceTree = "<group>"; };
		E69C08211CDE30C500D03B3B /* ZSRRegisgerViewController.h */ = {isa = PBXFileReference; fileEncoding = 4; lastKnownFileType = sourcecode.c.h; path = ZSRRegisgerViewController.h; sourceTree = "<group>"; };
		E69C08221CDE30C500D03B3B /* ZSRRegisgerViewController.m */ = {isa = PBXFileReference; fileEncoding = 4; lastKnownFileType = sourcecode.c.objc; path = ZSRRegisgerViewController.m; sourceTree = "<group>"; };
		E6D8693F1C511A4100581206 /* ZSRTabBarViewController.h */ = {isa = PBXFileReference; fileEncoding = 4; lastKnownFileType = sourcecode.c.h; path = ZSRTabBarViewController.h; sourceTree = "<group>"; };
		E6D869401C511A4100581206 /* ZSRTabBarViewController.m */ = {isa = PBXFileReference; fileEncoding = 4; lastKnownFileType = sourcecode.c.objc; path = ZSRTabBarViewController.m; sourceTree = "<group>"; };
		E6D869421C511B2000581206 /* ZSRNavigationViewController.h */ = {isa = PBXFileReference; fileEncoding = 4; lastKnownFileType = sourcecode.c.h; path = ZSRNavigationViewController.h; sourceTree = "<group>"; };
		E6D869431C511B2000581206 /* ZSRNavigationViewController.m */ = {isa = PBXFileReference; fileEncoding = 4; lastKnownFileType = sourcecode.c.objc; path = ZSRNavigationViewController.m; sourceTree = "<group>"; };
/* End PBXFileReference section */

/* Begin PBXFrameworksBuildPhase section */
		E6525C3A1C511141008B00EC /* Frameworks */ = {
			isa = PBXFrameworksBuildPhase;
			buildActionMask = 2147483647;
			files = (
			);
			runOnlyForDeploymentPostprocessing = 0;
		};
		E6525C531C511142008B00EC /* Frameworks */ = {
			isa = PBXFrameworksBuildPhase;
			buildActionMask = 2147483647;
			files = (
			);
			runOnlyForDeploymentPostprocessing = 0;
		};
/* End PBXFrameworksBuildPhase section */

/* Begin PBXGroup section */
		E60F936C1C525204009305B7 /* Common */ = {
			isa = PBXGroup;
			children = (
				E60F936D1C525259009305B7 /* Singleton */,
				E60F936E1C525259009305B7 /* Tool */,
			);
			path = Common;
			sourceTree = "<group>";
		};
		E60F936D1C525259009305B7 /* Singleton */ = {
			isa = PBXGroup;
			children = (
			);
			path = Singleton;
			sourceTree = "<group>";
		};
		E60F936E1C525259009305B7 /* Tool */ = {
			isa = PBXGroup;
			children = (
			);
			path = Tool;
			sourceTree = "<group>";
		};
		E6525C341C511141008B00EC = {
			isa = PBXGroup;
			children = (
				E6525C3F1C511141008B00EC /* MYWeiChat */,
				E6525C591C511142008B00EC /* MYWeiChatTests */,
				E6525C3E1C511141008B00EC /* Products */,
			);
			sourceTree = "<group>";
		};
		E6525C3E1C511141008B00EC /* Products */ = {
			isa = PBXGroup;
			children = (
				E6525C3D1C511141008B00EC /* MYWeiChat.app */,
				E6525C561C511142008B00EC /* MYWeiChatTests.xctest */,
			);
			name = Products;
			sourceTree = "<group>";
		};
		E6525C3F1C511141008B00EC /* MYWeiChat */ = {
			isa = PBXGroup;
			children = (
				E63465DF1C52875B00FA9E5E /* LaunchImage.png */,
				E6525C661C51118C008B00EC /* CLasses */,
				E6525C4D1C511142008B00EC /* Images.xcassets */,
				E6525C401C511141008B00EC /* Supporting Files */,
			);
			path = MYWeiChat;
			sourceTree = "<group>";
		};
		E6525C401C511141008B00EC /* Supporting Files */ = {
			isa = PBXGroup;
			children = (
				E6525C411C511141008B00EC /* Info.plist */,
				E6525C421C511141008B00EC /* main.m */,
				E65261D51C5113F6008B00EC /* PrefixHeader.pch */,
			);
			name = "Supporting Files";
			sourceTree = "<group>";
		};
		E6525C591C511142008B00EC /* MYWeiChatTests */ = {
			isa = PBXGroup;
			children = (
				E6525C5C1C511142008B00EC /* MYWeiChatTests.m */,
				E6525C5A1C511142008B00EC /* Supporting Files */,
			);
			path = MYWeiChatTests;
			sourceTree = "<group>";
		};
		E6525C5A1C511142008B00EC /* Supporting Files */ = {
			isa = PBXGroup;
			children = (
				E6525C5B1C511142008B00EC /* Info.plist */,
			);
			name = "Supporting Files";
			sourceTree = "<group>";
		};
		E6525C661C51118C008B00EC /* CLasses */ = {
			isa = PBXGroup;
			children = (
				E60F936C1C525204009305B7 /* Common */,
				E65261D61C5114C0008B00EC /* Login */,
				E65261D81C5114C0008B00EC /* Main */,
				E65261D91C5114C0008B00EC /* Other */,
			);
			path = CLasses;
			sourceTree = "<group>";
		};
		E65261D61C5114C0008B00EC /* Login */ = {
			isa = PBXGroup;
			children = (
				E65261D71C5114C0008B00EC /* Controller */,
			);
			path = Login;
			sourceTree = "<group>";
		};
		E65261D71C5114C0008B00EC /* Controller */ = {
			isa = PBXGroup;
			children = (
				E61994D01C526F3700199806 /* ZSRLoginViewController.h */,
				E61994D11C526F3700199806 /* ZSRLoginViewController.m */,
				E61994CB1C52560E00199806 /* ZSRStartViewController.h */,
				E61994CC1C52560E00199806 /* ZSRStartViewController.m */,
				E69C08211CDE30C500D03B3B /* ZSRRegisgerViewController.h */,
				E69C08221CDE30C500D03B3B /* ZSRRegisgerViewController.m */,
			);
			path = Controller;
			sourceTree = "<group>";
		};
		E65261D81C5114C0008B00EC /* Main */ = {
			isa = PBXGroup;
			children = (
				E65267991C511978008B00EC /* Controller */,
			);
			path = Main;
			sourceTree = "<group>";
		};
		E65261D91C5114C0008B00EC /* Other */ = {
			isa = PBXGroup;
			children = (
				E65267961C511626008B00EC /* AppDelegate.h */,
				E65267971C511626008B00EC /* AppDelegate.m */,
			);
			path = Other;
			sourceTree = "<group>";
		};
		E65267991C511978008B00EC /* Controller */ = {
			isa = PBXGroup;
			children = (
				E68EA8DF1C5127FF00A1F066 /* ZSRDiscoverViewController.h */,
				E68EA8E01C5127FF00A1F066 /* ZSRDiscoverViewController.m */,
				E68EA8DC1C51277B00A1F066 /* ZSRMeViewController.h */,
				E68EA8DD1C51277B00A1F066 /* ZSRMeViewController.m */,
				E68EA8D91C5126FB00A1F066 /* ZSRMessageViewController.h */,
				E68EA8DA1C5126FB00A1F066 /* ZSRMessageViewController.m */,
				E68EA8D61C51267800A1F066 /* ZSRContactsViewController.h */,
				E68EA8D71C51267800A1F066 /* ZSRContactsViewController.m */,
				E6D869421C511B2000581206 /* ZSRNavigationViewController.h */,
				E6D869431C511B2000581206 /* ZSRNavigationViewController.m */,
				E6D8693F1C511A4100581206 /* ZSRTabBarViewController.h */,
				E6D869401C511A4100581206 /* ZSRTabBarViewController.m */,
			);
			path = Controller;
			sourceTree = "<group>";
		};
/* End PBXGroup section */

/* Begin PBXNativeTarget section */
		E6525C3C1C511141008B00EC /* MYWeiChat */ = {
			isa = PBXNativeTarget;
			buildConfigurationList = E6525C601C511142008B00EC /* Build configuration list for PBXNativeTarget "MYWeiChat" */;
			buildPhases = (
				E6525C391C511141008B00EC /* Sources */,
				E6525C3A1C511141008B00EC /* Frameworks */,
				E6525C3B1C511141008B00EC /* Resources */,
			);
			buildRules = (
			);
			dependencies = (
			);
			name = MYWeiChat;
			productName = MYWeiChat;
			productReference = E6525C3D1C511141008B00EC /* MYWeiChat.app */;
			productType = "com.apple.product-type.application";
		};
		E6525C551C511142008B00EC /* MYWeiChatTests */ = {
			isa = PBXNativeTarget;
			buildConfigurationList = E6525C631C511142008B00EC /* Build configuration list for PBXNativeTarget "MYWeiChatTests" */;
			buildPhases = (
				E6525C521C511142008B00EC /* Sources */,
				E6525C531C511142008B00EC /* Frameworks */,
				E6525C541C511142008B00EC /* Resources */,
			);
			buildRules = (
			);
			dependencies = (
				E6525C581C511142008B00EC /* PBXTargetDependency */,
			);
			name = MYWeiChatTests;
			productName = MYWeiChatTests;
			productReference = E6525C561C511142008B00EC /* MYWeiChatTests.xctest */;
			productType = "com.apple.product-type.bundle.unit-test";
		};
/* End PBXNativeTarget section */

/* Begin PBXProject section */
		E6525C351C511141008B00EC /* Project object */ = {
			isa = PBXProject;
			attributes = {
				CLASSPREFIX = ZSR;
				LastUpgradeCheck = 0640;
				ORGANIZATIONNAME = hp;
				TargetAttributes = {
					E6525C3C1C511141008B00EC = {
						CreatedOnToolsVersion = 6.4;
					};
					E6525C551C511142008B00EC = {
						CreatedOnToolsVersion = 6.4;
						TestTargetID = E6525C3C1C511141008B00EC;
					};
				};
			};
			buildConfigurationList = E6525C381C511141008B00EC /* Build configuration list for PBXProject "MYWeiChat" */;
			compatibilityVersion = "Xcode 3.2";
			developmentRegion = English;
			hasScannedForEncodings = 0;
			knownRegions = (
				en,
				Base,
			);
			mainGroup = E6525C341C511141008B00EC;
			productRefGroup = E6525C3E1C511141008B00EC /* Products */;
			projectDirPath = "";
			projectRoot = "";
			targets = (
				E6525C3C1C511141008B00EC /* MYWeiChat */,
				E6525C551C511142008B00EC /* MYWeiChatTests */,
			);
		};
/* End PBXProject section */

/* Begin PBXResourcesBuildPhase section */
		E6525C3B1C511141008B00EC /* Resources */ = {
			isa = PBXResourcesBuildPhase;
			buildActionMask = 2147483647;
			files = (
				E63465E01C52875B00FA9E5E /* LaunchImage.png in Resources */,
				E6525C4E1C511142008B00EC /* Images.xcassets in Resources */,
			);
			runOnlyForDeploymentPostprocessing = 0;
		};
		E6525C541C511142008B00EC /* Resources */ = {
			isa = PBXResourcesBuildPhase;
			buildActionMask = 2147483647;
			files = (
			);
			runOnlyForDeploymentPostprocessing = 0;
		};
/* End PBXResourcesBuildPhase section */

/* Begin PBXSourcesBuildPhase section */
		E6525C391C511141008B00EC /* Sources */ = {
			isa = PBXSourcesBuildPhase;
			buildActionMask = 2147483647;
			files = (
				E65267981C511626008B00EC /* AppDelegate.m in Sources */,
				E61994D21C526F3700199806 /* ZSRLoginViewController.m in Sources */,
				E68EA8DB1C5126FB00A1F066 /* ZSRMessageViewController.m in Sources */,
				E6D869441C511B2000581206 /* ZSRNavigationViewController.m in Sources */,
				E68EA8DE1C51277B00A1F066 /* ZSRMeViewController.m in Sources */,
				E68EA8D81C51267800A1F066 /* ZSRContactsViewController.m in Sources */,
				E69C08231CDE30C500D03B3B /* ZSRRegisgerViewController.m in Sources */,
				E61994CD1C52560E00199806 /* ZSRStartViewController.m in Sources */,
				E6525C431C511141008B00EC /* main.m in Sources */,
				E68EA8E11C5127FF00A1F066 /* ZSRDiscoverViewController.m in Sources */,
				E6D869411C511A4100581206 /* ZSRTabBarViewController.m in Sources */,
			);
			runOnlyForDeploymentPostprocessing = 0;
		};
		E6525C521C511142008B00EC /* Sources */ = {
			isa = PBXSourcesBuildPhase;
			buildActionMask = 2147483647;
			files = (
				E6525C5D1C511142008B00EC /* MYWeiChatTests.m in Sources */,
			);
			runOnlyForDeploymentPostprocessing = 0;
		};
/* End PBXSourcesBuildPhase section */

/* Begin PBXTargetDependency section */
		E6525C581C511142008B00EC /* PBXTargetDependency */ = {
			isa = PBXTargetDependency;
			target = E6525C3C1C511141008B00EC /* MYWeiChat */;
			targetProxy = E6525C571C511142008B00EC /* PBXContainerItemProxy */;
		};
/* End PBXTargetDependency section */

/* Begin XCBuildConfiguration section */
		E6525C5E1C511142008B00EC /* Debug */ = {
			isa = XCBuildConfiguration;
			buildSettings = {
				ALWAYS_SEARCH_USER_PATHS = NO;
				CLANG_CXX_LANGUAGE_STANDARD = "gnu++0x";
				CLANG_CXX_LIBRARY = "libc++";
				CLANG_ENABLE_MODULES = YES;
				CLANG_ENABLE_OBJC_ARC = YES;
				CLANG_WARN_BOOL_CONVERSION = YES;
				CLANG_WARN_CONSTANT_CONVERSION = YES;
				CLANG_WARN_DIRECT_OBJC_ISA_USAGE = YES_ERROR;
				CLANG_WARN_EMPTY_BODY = YES;
				CLANG_WARN_ENUM_CONVERSION = YES;
				CLANG_WARN_INT_CONVERSION = YES;
				CLANG_WARN_OBJC_ROOT_CLASS = YES_ERROR;
				CLANG_WARN_UNREACHABLE_CODE = YES;
				CLANG_WARN__DUPLICATE_METHOD_MATCH = YES;
				"CODE_SIGN_IDENTITY[sdk=iphoneos*]" = "iPhone Developer";
				COPY_PHASE_STRIP = NO;
				DEBUG_INFORMATION_FORMAT = "dwarf-with-dsym";
				ENABLE_STRICT_OBJC_MSGSEND = YES;
				GCC_C_LANGUAGE_STANDARD = gnu99;
				GCC_DYNAMIC_NO_PIC = NO;
				GCC_NO_COMMON_BLOCKS = YES;
				GCC_OPTIMIZATION_LEVEL = 0;
				GCC_PREPROCESSOR_DEFINITIONS = (
					"DEBUG=1",
					"$(inherited)",
				);
				GCC_SYMBOLS_PRIVATE_EXTERN = NO;
				GCC_WARN_64_TO_32_BIT_CONVERSION = YES;
				GCC_WARN_ABOUT_RETURN_TYPE = YES_ERROR;
				GCC_WARN_UNDECLARED_SELECTOR = YES;
				GCC_WARN_UNINITIALIZED_AUTOS = YES_AGGRESSIVE;
				GCC_WARN_UNUSED_FUNCTION = YES;
				GCC_WARN_UNUSED_VARIABLE = YES;
				IPHONEOS_DEPLOYMENT_TARGET = 8.4;
				MTL_ENABLE_DEBUG_INFO = YES;
				ONLY_ACTIVE_ARCH = YES;
				SDKROOT = iphoneos;
				TARGETED_DEVICE_FAMILY = "1,2";
			};
			name = Debug;
		};
		E6525C5F1C511142008B00EC /* Release */ = {
			isa = XCBuildConfiguration;
			buildSettings = {
				ALWAYS_SEARCH_USER_PATHS = NO;
				CLANG_CXX_LANGUAGE_STANDARD = "gnu++0x";
				CLANG_CXX_LIBRARY = "libc++";
				CLANG_ENABLE_MODULES = YES;
				CLANG_ENABLE_OBJC_ARC = YES;
				CLANG_WARN_BOOL_CONVERSION = YES;
				CLANG_WARN_CONSTANT_CONVERSION = YES;
				CLANG_WARN_DIRECT_OBJC_ISA_USAGE = YES_ERROR;
				CLANG_WARN_EMPTY_BODY = YES;
				CLANG_WARN_ENUM_CONVERSION = YES;
				CLANG_WARN_INT_CONVERSION = YES;
				CLANG_WARN_OBJC_ROOT_CLASS = YES_ERROR;
				CLANG_WARN_UNREACHABLE_CODE = YES;
				CLANG_WARN__DUPLICATE_METHOD_MATCH = YES;
				"CODE_SIGN_IDENTITY[sdk=iphoneos*]" = "iPhone Developer";
				COPY_PHASE_STRIP = NO;
				DEBUG_INFORMATION_FORMAT = "dwarf-with-dsym";
				ENABLE_NS_ASSERTIONS = NO;
				ENABLE_STRICT_OBJC_MSGSEND = YES;
				GCC_C_LANGUAGE_STANDARD = gnu99;
				GCC_NO_COMMON_BLOCKS = YES;
				GCC_WARN_64_TO_32_BIT_CONVERSION = YES;
				GCC_WARN_ABOUT_RETURN_TYPE = YES_ERROR;
				GCC_WARN_UNDECLARED_SELECTOR = YES;
				GCC_WARN_UNINITIALIZED_AUTOS = YES_AGGRESSIVE;
				GCC_WARN_UNUSED_FUNCTION = YES;
				GCC_WARN_UNUSED_VARIABLE = YES;
				IPHONEOS_DEPLOYMENT_TARGET = 8.4;
				MTL_ENABLE_DEBUG_INFO = NO;
				SDKROOT = iphoneos;
				TARGETED_DEVICE_FAMILY = "1,2";
				VALIDATE_PRODUCT = YES;
			};
			name = Release;
		};
		E6525C611C511142008B00EC /* Debug */ = {
			isa = XCBuildConfiguration;
			buildSettings = {
				ASSETCATALOG_COMPILER_APPICON_NAME = AppIcon;
				ASSETCATALOG_COMPILER_LAUNCHIMAGE_NAME = LaunchImage;
				GCC_PRECOMPILE_PREFIX_HEADER = YES;
				GCC_PREFIX_HEADER = "$(PROJECT_DIR)/MYWeiChat/PrefixHeader.pch";
				HEADER_SEARCH_PATHS = (
					"$(inherited)",
					/Applications/Xcode6.4.app/Contents/Developer/Toolchains/XcodeDefault.xctoolchain/usr/include,
					/usr/include/libxml2,
				);
				INFOPLIST_FILE = MYWeiChat/Info.plist;
				LD_RUNPATH_SEARCH_PATHS = "$(inherited) @executable_path/Frameworks";
				LIBRARY_SEARCH_PATHS = (
					"$(inherited)",
					"$(PROJECT_DIR)/MYWeiChat/CLasses/XMPP/Vendor/libidn",
					"$(PROJECT_DIR)/MYWeiChat/CLasses/Lib/XXMP/Vendor/libidn",
					"$(PROJECT_DIR)/MYWeiChat/CLasses/Lib/XMPP/Vendor/libidn",
				);
				OTHER_LDFLAGS = "-lxml2";
				PRODUCT_NAME = "$(TARGET_NAME)";
			};
			name = Debug;
		};
		E6525C621C511142008B00EC /* Release */ = {
			isa = XCBuildConfiguration;
			buildSettings = {
				ASSETCATALOG_COMPILER_APPICON_NAME = AppIcon;
				ASSETCATALOG_COMPILER_LAUNCHIMAGE_NAME = LaunchImage;
				GCC_PRECOMPILE_PREFIX_HEADER = YES;
				GCC_PREFIX_HEADER = "$(PROJECT_DIR)/MYWeiChat/PrefixHeader.pch";
				HEADER_SEARCH_PATHS = (
					"$(inherited)",
					/Applications/Xcode6.4.app/Contents/Developer/Toolchains/XcodeDefault.xctoolchain/usr/include,
					/usr/include/libxml2,
				);
				INFOPLIST_FILE = MYWeiChat/Info.plist;
				LD_RUNPATH_SEARCH_PATHS = "$(inherited) @executable_path/Frameworks";
				LIBRARY_SEARCH_PATHS = (
					"$(inherited)",
					"$(PROJECT_DIR)/MYWeiChat/CLasses/XMPP/Vendor/libidn",
					"$(PROJECT_DIR)/MYWeiChat/CLasses/Lib/XXMP/Vendor/libidn",
					"$(PROJECT_DIR)/MYWeiChat/CLasses/Lib/XMPP/Vendor/libidn",
				);
				OTHER_LDFLAGS = "-lxml2";
				PRODUCT_NAME = "$(TARGET_NAME)";
			};
			name = Release;
		};
		E6525C641C511142008B00EC /* Debug */ = {
			isa = XCBuildConfiguration;
			buildSettings = {
				BUNDLE_LOADER = "$(TEST_HOST)";
				FRAMEWORK_SEARCH_PATHS = (
					"$(SDKROOT)/Developer/Library/Frameworks",
					"$(inherited)",
				);
				GCC_PREPROCESSOR_DEFINITIONS = (
					"DEBUG=1",
					"$(inherited)",
				);
				INFOPLIST_FILE = MYWeiChatTests/Info.plist;
				LD_RUNPATH_SEARCH_PATHS = "$(inherited) @executable_path/Frameworks @loader_path/Frameworks";
				PRODUCT_NAME = "$(TARGET_NAME)";
				TEST_HOST = "$(BUILT_PRODUCTS_DIR)/MYWeiChat.app/MYWeiChat";
			};
			name = Debug;
		};
		E6525C651C511142008B00EC /* Release */ = {
			isa = XCBuildConfiguration;
			buildSettings = {
				BUNDLE_LOADER = "$(TEST_HOST)";
				FRAMEWORK_SEARCH_PATHS = (
					"$(SDKROOT)/Developer/Library/Frameworks",
					"$(inherited)",
				);
				INFOPLIST_FILE = MYWeiChatTests/Info.plist;
				LD_RUNPATH_SEARCH_PATHS = "$(inherited) @executable_path/Frameworks @loader_path/Frameworks";
				PRODUCT_NAME = "$(TARGET_NAME)";
				TEST_HOST = "$(BUILT_PRODUCTS_DIR)/MYWeiChat.app/MYWeiChat";
			};
			name = Release;
		};
/* End XCBuildConfiguration section */

/* Begin XCConfigurationList section */
		E6525C381C511141008B00EC /* Build configuration list for PBXProject "MYWeiChat" */ = {
			isa = XCConfigurationList;
			buildConfigurations = (
				E6525C5E1C511142008B00EC /* Debug */,
				E6525C5F1C511142008B00EC /* Release */,
			);
			defaultConfigurationIsVisible = 0;
			defaultConfigurationName = Release;
		};
		E6525C601C511142008B00EC /* Build configuration list for PBXNativeTarget "MYWeiChat" */ = {
			isa = XCConfigurationList;
			buildConfigurations = (
				E6525C611C511142008B00EC /* Debug */,
				E6525C621C511142008B00EC /* Release */,
			);
			defaultConfigurationIsVisible = 0;
			defaultConfigurationName = Release;
		};
		E6525C631C511142008B00EC /* Build configuration list for PBXNativeTarget "MYWeiChatTests" */ = {
			isa = XCConfigurationList;
			buildConfigurations = (
				E6525C641C511142008B00EC /* Debug */,
				E6525C651C511142008B00EC /* Release */,
			);
			defaultConfigurationIsVisible = 0;
			defaultConfigurationName = Release;
		};
/* End XCConfigurationList section */
	};
	rootObject = E6525C351C511141008B00EC /* Project object */;
}
