// !$*UTF8*$!
{
	archiveVersion = 1;
	classes = {
	};
	objectVersion = 46;
	objects = {

/* Begin PBXBuildFile section */
		DB9F3BA344DB3F85AE088D7C /* libPods.a in Frameworks */ = {isa = PBXBuildFile; fileRef = 2FE634299918A178D9145FFC /* libPods.a */; };
		E649FEC01CE8481600A0447F /* main.m in Sources */ = {isa = PBXBuildFile; fileRef = E649FEBF1CE8481600A0447F /* main.m */; };
		E649FED91CE8481600A0447F /* MYWeiChatTests.m in Sources */ = {isa = PBXBuildFile; fileRef = E649FED81CE8481600A0447F /* MYWeiChatTests.m */; };
		E649FEE41CE8481600A0447F /* MYWeiChatUITests.m in Sources */ = {isa = PBXBuildFile; fileRef = E649FEE31CE8481600A0447F /* MYWeiChatUITests.m */; };
		E66F42611CE86D7A001217F6 /* MBProgressHUD+ZSR.m in Sources */ = {isa = PBXBuildFile; fileRef = E66F42601CE86D7A001217F6 /* MBProgressHUD+ZSR.m */; };
		E66F42631CE870F4001217F6 /* friends.plist in Resources */ = {isa = PBXBuildFile; fileRef = E66F42621CE870F4001217F6 /* friends.plist */; };
		E66F42661CE89EE6001217F6 /* ZSRAddFriendViewController.m in Sources */ = {isa = PBXBuildFile; fileRef = E66F42651CE89EE6001217F6 /* ZSRAddFriendViewController.m */; };
		E66F42691CE8A42C001217F6 /* UIView+Extension.m in Sources */ = {isa = PBXBuildFile; fileRef = E66F42681CE8A42C001217F6 /* UIView+Extension.m */; };
		E682768D1CE97FF8009F911A /* ZSRChatViewController.m in Sources */ = {isa = PBXBuildFile; fileRef = E682768A1CE97FF8009F911A /* ZSRChatViewController.m */; };
		E68276921CE9806B009F911A /* ZSRInputView.m in Sources */ = {isa = PBXBuildFile; fileRef = E68276911CE9806B009F911A /* ZSRInputView.m */; };
		E68276941CE98075009F911A /* ZSRInputView.xib in Resources */ = {isa = PBXBuildFile; fileRef = E68276931CE98075009F911A /* ZSRInputView.xib */; };
		E690694B1CE84BF60014FE63 /* ZSRContactsViewController.m in Sources */ = {isa = PBXBuildFile; fileRef = E69069231CE84BF60014FE63 /* ZSRContactsViewController.m */; };
		E690694C1CE84BF60014FE63 /* ZSRFriend.m in Sources */ = {isa = PBXBuildFile; fileRef = E69069261CE84BF60014FE63 /* ZSRFriend.m */; };
		E690694D1CE84BF60014FE63 /* ZSRFriendGroup.m in Sources */ = {isa = PBXBuildFile; fileRef = E69069281CE84BF60014FE63 /* ZSRFriendGroup.m */; };
		E690694E1CE84BF60014FE63 /* ZSRFriendCell.m in Sources */ = {isa = PBXBuildFile; fileRef = E690692B1CE84BF60014FE63 /* ZSRFriendCell.m */; };
		E690694F1CE84BF60014FE63 /* ZSRHeaderView.m in Sources */ = {isa = PBXBuildFile; fileRef = E690692D1CE84BF60014FE63 /* ZSRHeaderView.m */; };
		E69069501CE84BF60014FE63 /* ZSRDiscoverViewController.m in Sources */ = {isa = PBXBuildFile; fileRef = E69069301CE84BF60014FE63 /* ZSRDiscoverViewController.m */; };
		E69069511CE84BF60014FE63 /* ZSRLoginViewController.m in Sources */ = {isa = PBXBuildFile; fileRef = E69069341CE84BF60014FE63 /* ZSRLoginViewController.m */; };
		E69069521CE84BF60014FE63 /* ZSRRegisgerViewController.m in Sources */ = {isa = PBXBuildFile; fileRef = E69069361CE84BF60014FE63 /* ZSRRegisgerViewController.m */; };
		E69069531CE84BF60014FE63 /* ZSRStartViewController.m in Sources */ = {isa = PBXBuildFile; fileRef = E69069381CE84BF60014FE63 /* ZSRStartViewController.m */; };
		E69069541CE84BF60014FE63 /* ZSRNavigationViewController.m in Sources */ = {isa = PBXBuildFile; fileRef = E690693C1CE84BF60014FE63 /* ZSRNavigationViewController.m */; };
		E69069551CE84BF60014FE63 /* ZSRTabBarViewController.m in Sources */ = {isa = PBXBuildFile; fileRef = E690693E1CE84BF60014FE63 /* ZSRTabBarViewController.m */; };
		E69069561CE84BF60014FE63 /* ZSRMeViewController.m in Sources */ = {isa = PBXBuildFile; fileRef = E69069411CE84BF60014FE63 /* ZSRMeViewController.m */; };
		E69069571CE84BF60014FE63 /* ZSRMessageViewController.m in Sources */ = {isa = PBXBuildFile; fileRef = E69069441CE84BF60014FE63 /* ZSRMessageViewController.m */; };
		E69069581CE84BF60014FE63 /* AppDelegate.m in Sources */ = {isa = PBXBuildFile; fileRef = E69069471CE84BF60014FE63 /* AppDelegate.m */; };
		E69069591CE84BF60014FE63 /* Images.xcassets in Resources */ = {isa = PBXBuildFile; fileRef = E69069481CE84BF60014FE63 /* Images.xcassets */; };
		E690695A1CE84BF60014FE63 /* LaunchImage.png in Resources */ = {isa = PBXBuildFile; fileRef = E69069491CE84BF60014FE63 /* LaunchImage.png */; };
/* End PBXBuildFile section */

/* Begin PBXContainerItemProxy section */
		E649FED51CE8481600A0447F /* PBXContainerItemProxy */ = {
			isa = PBXContainerItemProxy;
			containerPortal = E649FEB31CE8481600A0447F /* Project object */;
			proxyType = 1;
			remoteGlobalIDString = E649FEBA1CE8481600A0447F;
			remoteInfo = MYWeiChat;
		};
		E649FEE01CE8481600A0447F /* PBXContainerItemProxy */ = {
			isa = PBXContainerItemProxy;
			containerPortal = E649FEB31CE8481600A0447F /* Project object */;
			proxyType = 1;
			remoteGlobalIDString = E649FEBA1CE8481600A0447F;
			remoteInfo = MYWeiChat;
		};
/* End PBXContainerItemProxy section */

/* Begin PBXFileReference section */
		01FEFCC934CC988DED178170 /* Pods.debug.xcconfig */ = {isa = PBXFileReference; includeInIndex = 1; lastKnownFileType = text.xcconfig; name = Pods.debug.xcconfig; path = "Pods/Target Support Files/Pods/Pods.debug.xcconfig"; sourceTree = "<group>"; };
		2FE634299918A178D9145FFC /* libPods.a */ = {isa = PBXFileReference; explicitFileType = archive.ar; includeInIndex = 0; path = libPods.a; sourceTree = BUILT_PRODUCTS_DIR; };
		E5EAFF54E8D049A3AF7F3B48 /* Pods.release.xcconfig */ = {isa = PBXFileReference; includeInIndex = 1; lastKnownFileType = text.xcconfig; name = Pods.release.xcconfig; path = "Pods/Target Support Files/Pods/Pods.release.xcconfig"; sourceTree = "<group>"; };
		E649FEBB1CE8481600A0447F /* MYWeiChat.app */ = {isa = PBXFileReference; explicitFileType = wrapper.application; includeInIndex = 0; path = MYWeiChat.app; sourceTree = BUILT_PRODUCTS_DIR; };
		E649FEBF1CE8481600A0447F /* main.m */ = {isa = PBXFileReference; lastKnownFileType = sourcecode.c.objc; path = main.m; sourceTree = "<group>"; };
		E649FECF1CE8481600A0447F /* Info.plist */ = {isa = PBXFileReference; lastKnownFileType = text.plist.xml; path = Info.plist; sourceTree = "<group>"; };
		E649FED41CE8481600A0447F /* MYWeiChatTests.xctest */ = {isa = PBXFileReference; explicitFileType = wrapper.cfbundle; includeInIndex = 0; path = MYWeiChatTests.xctest; sourceTree = BUILT_PRODUCTS_DIR; };
		E649FED81CE8481600A0447F /* MYWeiChatTests.m */ = {isa = PBXFileReference; lastKnownFileType = sourcecode.c.objc; path = MYWeiChatTests.m; sourceTree = "<group>"; };
		E649FEDA1CE8481600A0447F /* Info.plist */ = {isa = PBXFileReference; lastKnownFileType = text.plist.xml; path = Info.plist; sourceTree = "<group>"; };
		E649FEDF1CE8481600A0447F /* MYWeiChatUITests.xctest */ = {isa = PBXFileReference; explicitFileType = wrapper.cfbundle; includeInIndex = 0; path = MYWeiChatUITests.xctest; sourceTree = BUILT_PRODUCTS_DIR; };
		E649FEE31CE8481600A0447F /* MYWeiChatUITests.m */ = {isa = PBXFileReference; lastKnownFileType = sourcecode.c.objc; path = MYWeiChatUITests.m; sourceTree = "<group>"; };
		E649FEE51CE8481600A0447F /* Info.plist */ = {isa = PBXFileReference; lastKnownFileType = text.plist.xml; path = Info.plist; sourceTree = "<group>"; };
		E66F425F1CE86D7A001217F6 /* MBProgressHUD+ZSR.h */ = {isa = PBXFileReference; fileEncoding = 4; lastKnownFileType = sourcecode.c.h; path = "MBProgressHUD+ZSR.h"; sourceTree = "<group>"; };
		E66F42601CE86D7A001217F6 /* MBProgressHUD+ZSR.m */ = {isa = PBXFileReference; fileEncoding = 4; lastKnownFileType = sourcecode.c.objc; path = "MBProgressHUD+ZSR.m"; sourceTree = "<group>"; };
		E66F42621CE870F4001217F6 /* friends.plist */ = {isa = PBXFileReference; fileEncoding = 4; lastKnownFileType = text.plist.xml; path = friends.plist; sourceTree = "<group>"; };
		E66F42641CE89EE6001217F6 /* ZSRAddFriendViewController.h */ = {isa = PBXFileReference; fileEncoding = 4; lastKnownFileType = sourcecode.c.h; path = ZSRAddFriendViewController.h; sourceTree = "<group>"; };
		E66F42651CE89EE6001217F6 /* ZSRAddFriendViewController.m */ = {isa = PBXFileReference; fileEncoding = 4; lastKnownFileType = sourcecode.c.objc; path = ZSRAddFriendViewController.m; sourceTree = "<group>"; };
		E66F42671CE8A42C001217F6 /* UIView+Extension.h */ = {isa = PBXFileReference; fileEncoding = 4; lastKnownFileType = sourcecode.c.h; path = "UIView+Extension.h"; sourceTree = "<group>"; };
		E66F42681CE8A42C001217F6 /* UIView+Extension.m */ = {isa = PBXFileReference; fileEncoding = 4; lastKnownFileType = sourcecode.c.objc; path = "UIView+Extension.m"; sourceTree = "<group>"; };
		E68276891CE97FF8009F911A /* ZSRChatViewController.h */ = {isa = PBXFileReference; fileEncoding = 4; lastKnownFileType = sourcecode.c.h; path = ZSRChatViewController.h; sourceTree = "<group>"; };
		E682768A1CE97FF8009F911A /* ZSRChatViewController.m */ = {isa = PBXFileReference; fileEncoding = 4; lastKnownFileType = sourcecode.c.objc; path = ZSRChatViewController.m; sourceTree = "<group>"; };
		E68276901CE9806B009F911A /* ZSRInputView.h */ = {isa = PBXFileReference; fileEncoding = 4; lastKnownFileType = sourcecode.c.h; path = ZSRInputView.h; sourceTree = "<group>"; };
		E68276911CE9806B009F911A /* ZSRInputView.m */ = {isa = PBXFileReference; fileEncoding = 4; lastKnownFileType = sourcecode.c.objc; path = ZSRInputView.m; sourceTree = "<group>"; };
		E68276931CE98075009F911A /* ZSRInputView.xib */ = {isa = PBXFileReference; fileEncoding = 4; lastKnownFileType = file.xib; path = ZSRInputView.xib; sourceTree = "<group>"; };
		E69069221CE84BF60014FE63 /* ZSRContactsViewController.h */ = {isa = PBXFileReference; fileEncoding = 4; lastKnownFileType = sourcecode.c.h; path = ZSRContactsViewController.h; sourceTree = "<group>"; };
		E69069231CE84BF60014FE63 /* ZSRContactsViewController.m */ = {isa = PBXFileReference; fileEncoding = 4; lastKnownFileType = sourcecode.c.objc; path = ZSRContactsViewController.m; sourceTree = "<group>"; };
		E69069251CE84BF60014FE63 /* ZSRFriend.h */ = {isa = PBXFileReference; fileEncoding = 4; lastKnownFileType = sourcecode.c.h; path = ZSRFriend.h; sourceTree = "<group>"; };
		E69069261CE84BF60014FE63 /* ZSRFriend.m */ = {isa = PBXFileReference; fileEncoding = 4; lastKnownFileType = sourcecode.c.objc; path = ZSRFriend.m; sourceTree = "<group>"; };
		E69069271CE84BF60014FE63 /* ZSRFriendGroup.h */ = {isa = PBXFileReference; fileEncoding = 4; lastKnownFileType = sourcecode.c.h; path = ZSRFriendGroup.h; sourceTree = "<group>"; };
		E69069281CE84BF60014FE63 /* ZSRFriendGroup.m */ = {isa = PBXFileReference; fileEncoding = 4; lastKnownFileType = sourcecode.c.objc; path = ZSRFriendGroup.m; sourceTree = "<group>"; };
		E690692A1CE84BF60014FE63 /* ZSRFriendCell.h */ = {isa = PBXFileReference; fileEncoding = 4; lastKnownFileType = sourcecode.c.h; path = ZSRFriendCell.h; sourceTree = "<group>"; };
		E690692B1CE84BF60014FE63 /* ZSRFriendCell.m */ = {isa = PBXFileReference; fileEncoding = 4; lastKnownFileType = sourcecode.c.objc; path = ZSRFriendCell.m; sourceTree = "<group>"; };
		E690692C1CE84BF60014FE63 /* ZSRHeaderView.h */ = {isa = PBXFileReference; fileEncoding = 4; lastKnownFileType = sourcecode.c.h; path = ZSRHeaderView.h; sourceTree = "<group>"; };
		E690692D1CE84BF60014FE63 /* ZSRHeaderView.m */ = {isa = PBXFileReference; fileEncoding = 4; lastKnownFileType = sourcecode.c.objc; path = ZSRHeaderView.m; sourceTree = "<group>"; };
		E690692F1CE84BF60014FE63 /* ZSRDiscoverViewController.h */ = {isa = PBXFileReference; fileEncoding = 4; lastKnownFileType = sourcecode.c.h; path = ZSRDiscoverViewController.h; sourceTree = "<group>"; };
		E69069301CE84BF60014FE63 /* ZSRDiscoverViewController.m */ = {isa = PBXFileReference; fileEncoding = 4; lastKnownFileType = sourcecode.c.objc; path = ZSRDiscoverViewController.m; sourceTree = "<group>"; };
		E69069331CE84BF60014FE63 /* ZSRLoginViewController.h */ = {isa = PBXFileReference; fileEncoding = 4; lastKnownFileType = sourcecode.c.h; path = ZSRLoginViewController.h; sourceTree = "<group>"; };
		E69069341CE84BF60014FE63 /* ZSRLoginViewController.m */ = {isa = PBXFileReference; fileEncoding = 4; lastKnownFileType = sourcecode.c.objc; path = ZSRLoginViewController.m; sourceTree = "<group>"; };
		E69069351CE84BF60014FE63 /* ZSRRegisgerViewController.h */ = {isa = PBXFileReference; fileEncoding = 4; lastKnownFileType = sourcecode.c.h; path = ZSRRegisgerViewController.h; sourceTree = "<group>"; };
		E69069361CE84BF60014FE63 /* ZSRRegisgerViewController.m */ = {isa = PBXFileReference; fileEncoding = 4; lastKnownFileType = sourcecode.c.objc; path = ZSRRegisgerViewController.m; sourceTree = "<group>"; };
		E69069371CE84BF60014FE63 /* ZSRStartViewController.h */ = {isa = PBXFileReference; fileEncoding = 4; lastKnownFileType = sourcecode.c.h; path = ZSRStartViewController.h; sourceTree = "<group>"; };
		E69069381CE84BF60014FE63 /* ZSRStartViewController.m */ = {isa = PBXFileReference; fileEncoding = 4; lastKnownFileType = sourcecode.c.objc; path = ZSRStartViewController.m; sourceTree = "<group>"; };
		E690693B1CE84BF60014FE63 /* ZSRNavigationViewController.h */ = {isa = PBXFileReference; fileEncoding = 4; lastKnownFileType = sourcecode.c.h; path = ZSRNavigationViewController.h; sourceTree = "<group>"; };
		E690693C1CE84BF60014FE63 /* ZSRNavigationViewController.m */ = {isa = PBXFileReference; fileEncoding = 4; lastKnownFileType = sourcecode.c.objc; path = ZSRNavigationViewController.m; sourceTree = "<group>"; };
		E690693D1CE84BF60014FE63 /* ZSRTabBarViewController.h */ = {isa = PBXFileReference; fileEncoding = 4; lastKnownFileType = sourcecode.c.h; path = ZSRTabBarViewController.h; sourceTree = "<group>"; };
		E690693E1CE84BF60014FE63 /* ZSRTabBarViewController.m */ = {isa = PBXFileReference; fileEncoding = 4; lastKnownFileType = sourcecode.c.objc; path = ZSRTabBarViewController.m; sourceTree = "<group>"; };
		E69069401CE84BF60014FE63 /* ZSRMeViewController.h */ = {isa = PBXFileReference; fileEncoding = 4; lastKnownFileType = sourcecode.c.h; path = ZSRMeViewController.h; sourceTree = "<group>"; };
		E69069411CE84BF60014FE63 /* ZSRMeViewController.m */ = {isa = PBXFileReference; fileEncoding = 4; lastKnownFileType = sourcecode.c.objc; path = ZSRMeViewController.m; sourceTree = "<group>"; };
		E69069431CE84BF60014FE63 /* ZSRMessageViewController.h */ = {isa = PBXFileReference; fileEncoding = 4; lastKnownFileType = sourcecode.c.h; path = ZSRMessageViewController.h; sourceTree = "<group>"; };
		E69069441CE84BF60014FE63 /* ZSRMessageViewController.m */ = {isa = PBXFileReference; fileEncoding = 4; lastKnownFileType = sourcecode.c.objc; path = ZSRMessageViewController.m; sourceTree = "<group>"; };
		E69069461CE84BF60014FE63 /* AppDelegate.h */ = {isa = PBXFileReference; fileEncoding = 4; lastKnownFileType = sourcecode.c.h; path = AppDelegate.h; sourceTree = "<group>"; };
		E69069471CE84BF60014FE63 /* AppDelegate.m */ = {isa = PBXFileReference; fileEncoding = 4; lastKnownFileType = sourcecode.c.objc; path = AppDelegate.m; sourceTree = "<group>"; };
		E69069481CE84BF60014FE63 /* Images.xcassets */ = {isa = PBXFileReference; lastKnownFileType = folder.assetcatalog; path = Images.xcassets; sourceTree = "<group>"; };
		E69069491CE84BF60014FE63 /* LaunchImage.png */ = {isa = PBXFileReference; lastKnownFileType = image.png; path = LaunchImage.png; sourceTree = "<group>"; };
		E690694A1CE84BF60014FE63 /* PrefixHeader.pch */ = {isa = PBXFileReference; fileEncoding = 4; lastKnownFileType = sourcecode.c.h; path = PrefixHeader.pch; sourceTree = "<group>"; };
/* End PBXFileReference section */

/* Begin PBXFrameworksBuildPhase section */
		E649FEB81CE8481600A0447F /* Frameworks */ = {
			isa = PBXFrameworksBuildPhase;
			buildActionMask = 2147483647;
			files = (
				DB9F3BA344DB3F85AE088D7C /* libPods.a in Frameworks */,
			);
			runOnlyForDeploymentPostprocessing = 0;
		};
		E649FED11CE8481600A0447F /* Frameworks */ = {
			isa = PBXFrameworksBuildPhase;
			buildActionMask = 2147483647;
			files = (
			);
			runOnlyForDeploymentPostprocessing = 0;
		};
		E649FEDC1CE8481600A0447F /* Frameworks */ = {
			isa = PBXFrameworksBuildPhase;
			buildActionMask = 2147483647;
			files = (
			);
			runOnlyForDeploymentPostprocessing = 0;
		};
/* End PBXFrameworksBuildPhase section */

/* Begin PBXGroup section */
		01165C22FF02ECA67DECE014 /* Frameworks */ = {
			isa = PBXGroup;
			children = (
				2FE634299918A178D9145FFC /* libPods.a */,
			);
			name = Frameworks;
			sourceTree = "<group>";
		};
		E5B4C122C0562699535B764D /* Pods */ = {
			isa = PBXGroup;
			children = (
				01FEFCC934CC988DED178170 /* Pods.debug.xcconfig */,
				E5EAFF54E8D049A3AF7F3B48 /* Pods.release.xcconfig */,
			);
			name = Pods;
			sourceTree = "<group>";
		};
		E649FEB21CE8481600A0447F = {
			isa = PBXGroup;
			children = (
				E649FEBD1CE8481600A0447F /* MYWeiChat */,
				E649FED71CE8481600A0447F /* MYWeiChatTests */,
				E649FEE21CE8481600A0447F /* MYWeiChatUITests */,
				E649FEBC1CE8481600A0447F /* Products */,
				E5B4C122C0562699535B764D /* Pods */,
				01165C22FF02ECA67DECE014 /* Frameworks */,
			);
			sourceTree = "<group>";
		};
		E649FEBC1CE8481600A0447F /* Products */ = {
			isa = PBXGroup;
			children = (
				E649FEBB1CE8481600A0447F /* MYWeiChat.app */,
				E649FED41CE8481600A0447F /* MYWeiChatTests.xctest */,
				E649FEDF1CE8481600A0447F /* MYWeiChatUITests.xctest */,
			);
			name = Products;
			sourceTree = "<group>";
		};
		E649FEBD1CE8481600A0447F /* MYWeiChat */ = {
			isa = PBXGroup;
			children = (
				E690691E1CE84BF60014FE63 /* CLasses */,
				E69069481CE84BF60014FE63 /* Images.xcassets */,
				E69069491CE84BF60014FE63 /* LaunchImage.png */,
				E690694A1CE84BF60014FE63 /* PrefixHeader.pch */,
				E649FECF1CE8481600A0447F /* Info.plist */,
				E649FEBE1CE8481600A0447F /* Supporting Files */,
			);
			path = MYWeiChat;
			sourceTree = "<group>";
		};
		E649FEBE1CE8481600A0447F /* Supporting Files */ = {
			isa = PBXGroup;
			children = (
				E66F42621CE870F4001217F6 /* friends.plist */,
				E649FEBF1CE8481600A0447F /* main.m */,
			);
			name = "Supporting Files";
			sourceTree = "<group>";
		};
		E649FED71CE8481600A0447F /* MYWeiChatTests */ = {
			isa = PBXGroup;
			children = (
				E649FED81CE8481600A0447F /* MYWeiChatTests.m */,
				E649FEDA1CE8481600A0447F /* Info.plist */,
			);
			path = MYWeiChatTests;
			sourceTree = "<group>";
		};
		E649FEE21CE8481600A0447F /* MYWeiChatUITests */ = {
			isa = PBXGroup;
			children = (
				E649FEE31CE8481600A0447F /* MYWeiChatUITests.m */,
				E649FEE51CE8481600A0447F /* Info.plist */,
			);
			path = MYWeiChatUITests;
			sourceTree = "<group>";
		};
		E66F425B1CE86D3A001217F6 /* Category */ = {
			isa = PBXGroup;
			children = (
				E66F42671CE8A42C001217F6 /* UIView+Extension.h */,
				E66F42681CE8A42C001217F6 /* UIView+Extension.m */,
				E66F425F1CE86D7A001217F6 /* MBProgressHUD+ZSR.h */,
				E66F42601CE86D7A001217F6 /* MBProgressHUD+ZSR.m */,
			);
			path = Category;
			sourceTree = "<group>";
		};
		E68276841CE97F27009F911A /* chat */ = {
			isa = PBXGroup;
			children = (
				E68276881CE97FF8009F911A /* Controller */,
				E682768B1CE97FF8009F911A /* Model */,
				E682768C1CE97FF8009F911A /* View */,
			);
			path = chat;
			sourceTree = "<group>";
		};
		E68276881CE97FF8009F911A /* Controller */ = {
			isa = PBXGroup;
			children = (
				E68276891CE97FF8009F911A /* ZSRChatViewController.h */,
				E682768A1CE97FF8009F911A /* ZSRChatViewController.m */,
			);
			path = Controller;
			sourceTree = "<group>";
		};
		E682768B1CE97FF8009F911A /* Model */ = {
			isa = PBXGroup;
			children = (
			);
			path = Model;
			sourceTree = "<group>";
		};
		E682768C1CE97FF8009F911A /* View */ = {
			isa = PBXGroup;
			children = (
				E68276901CE9806B009F911A /* ZSRInputView.h */,
				E68276911CE9806B009F911A /* ZSRInputView.m */,
				E68276931CE98075009F911A /* ZSRInputView.xib */,
			);
			path = View;
			sourceTree = "<group>";
		};
		E690691E1CE84BF60014FE63 /* CLasses */ = {
			isa = PBXGroup;
			children = (
				E68276841CE97F27009F911A /* chat */,
				E66F425B1CE86D3A001217F6 /* Category */,
				E690691F1CE84BF60014FE63 /* Common */,
				E69069201CE84BF60014FE63 /* Contacts */,
				E690692E1CE84BF60014FE63 /* Discover */,
				E69069311CE84BF60014FE63 /* Login */,
				E69069391CE84BF60014FE63 /* Main */,
				E690693F1CE84BF60014FE63 /* Me */,
				E69069421CE84BF60014FE63 /* Message */,
				E69069451CE84BF60014FE63 /* Other */,
			);
			path = CLasses;
			sourceTree = "<group>";
		};
		E690691F1CE84BF60014FE63 /* Common */ = {
			isa = PBXGroup;
			children = (
			);
			path = Common;
			sourceTree = "<group>";
		};
		E69069201CE84BF60014FE63 /* Contacts */ = {
			isa = PBXGroup;
			children = (
				E69069211CE84BF60014FE63 /* Controller */,
				E69069241CE84BF60014FE63 /* Model */,
				E69069291CE84BF60014FE63 /* View */,
			);
			path = Contacts;
			sourceTree = "<group>";
		};
		E69069211CE84BF60014FE63 /* Controller */ = {
			isa = PBXGroup;
			children = (
				E69069221CE84BF60014FE63 /* ZSRContactsViewController.h */,
				E69069231CE84BF60014FE63 /* ZSRContactsViewController.m */,
				E66F42641CE89EE6001217F6 /* ZSRAddFriendViewController.h */,
				E66F42651CE89EE6001217F6 /* ZSRAddFriendViewController.m */,
			);
			path = Controller;
			sourceTree = "<group>";
		};
		E69069241CE84BF60014FE63 /* Model */ = {
			isa = PBXGroup;
			children = (
				E69069251CE84BF60014FE63 /* ZSRFriend.h */,
				E69069261CE84BF60014FE63 /* ZSRFriend.m */,
				E69069271CE84BF60014FE63 /* ZSRFriendGroup.h */,
				E69069281CE84BF60014FE63 /* ZSRFriendGroup.m */,
			);
			path = Model;
			sourceTree = "<group>";
		};
		E69069291CE84BF60014FE63 /* View */ = {
			isa = PBXGroup;
			children = (
				E690692A1CE84BF60014FE63 /* ZSRFriendCell.h */,
				E690692B1CE84BF60014FE63 /* ZSRFriendCell.m */,
				E690692C1CE84BF60014FE63 /* ZSRHeaderView.h */,
				E690692D1CE84BF60014FE63 /* ZSRHeaderView.m */,
			);
			path = View;
			sourceTree = "<group>";
		};
		E690692E1CE84BF60014FE63 /* Discover */ = {
			isa = PBXGroup;
			children = (
				E690692F1CE84BF60014FE63 /* ZSRDiscoverViewController.h */,
				E69069301CE84BF60014FE63 /* ZSRDiscoverViewController.m */,
			);
			path = Discover;
			sourceTree = "<group>";
		};
		E69069311CE84BF60014FE63 /* Login */ = {
			isa = PBXGroup;
			children = (
				E69069321CE84BF60014FE63 /* Controller */,
			);
			path = Login;
			sourceTree = "<group>";
		};
		E69069321CE84BF60014FE63 /* Controller */ = {
			isa = PBXGroup;
			children = (
				E69069331CE84BF60014FE63 /* ZSRLoginViewController.h */,
				E69069341CE84BF60014FE63 /* ZSRLoginViewController.m */,
				E69069351CE84BF60014FE63 /* ZSRRegisgerViewController.h */,
				E69069361CE84BF60014FE63 /* ZSRRegisgerViewController.m */,
				E69069371CE84BF60014FE63 /* ZSRStartViewController.h */,
				E69069381CE84BF60014FE63 /* ZSRStartViewController.m */,
			);
			path = Controller;
			sourceTree = "<group>";
		};
		E69069391CE84BF60014FE63 /* Main */ = {
			isa = PBXGroup;
			children = (
				E690693A1CE84BF60014FE63 /* Controller */,
			);
			path = Main;
			sourceTree = "<group>";
		};
		E690693A1CE84BF60014FE63 /* Controller */ = {
			isa = PBXGroup;
			children = (
				E690693B1CE84BF60014FE63 /* ZSRNavigationViewController.h */,
				E690693C1CE84BF60014FE63 /* ZSRNavigationViewController.m */,
				E690693D1CE84BF60014FE63 /* ZSRTabBarViewController.h */,
				E690693E1CE84BF60014FE63 /* ZSRTabBarViewController.m */,
			);
			path = Controller;
			sourceTree = "<group>";
		};
		E690693F1CE84BF60014FE63 /* Me */ = {
			isa = PBXGroup;
			children = (
				E69069401CE84BF60014FE63 /* ZSRMeViewController.h */,
				E69069411CE84BF60014FE63 /* ZSRMeViewController.m */,
			);
			path = Me;
			sourceTree = "<group>";
		};
		E69069421CE84BF60014FE63 /* Message */ = {
			isa = PBXGroup;
			children = (
				E69069431CE84BF60014FE63 /* ZSRMessageViewController.h */,
				E69069441CE84BF60014FE63 /* ZSRMessageViewController.m */,
			);
			path = Message;
			sourceTree = "<group>";
		};
		E69069451CE84BF60014FE63 /* Other */ = {
			isa = PBXGroup;
			children = (
				E69069461CE84BF60014FE63 /* AppDelegate.h */,
				E69069471CE84BF60014FE63 /* AppDelegate.m */,
			);
			path = Other;
			sourceTree = "<group>";
		};
/* End PBXGroup section */

/* Begin PBXNativeTarget section */
		E649FEBA1CE8481600A0447F /* MYWeiChat */ = {
			isa = PBXNativeTarget;
			buildConfigurationList = E649FEE81CE8481600A0447F /* Build configuration list for PBXNativeTarget "MYWeiChat" */;
			buildPhases = (
				6C652EFA26A890A8B1F399F2 /* Check Pods Manifest.lock */,
				E649FEB71CE8481600A0447F /* Sources */,
				E649FEB81CE8481600A0447F /* Frameworks */,
				E649FEB91CE8481600A0447F /* Resources */,
				2D348058D4AA409CBE01824F /* Embed Pods Frameworks */,
				3A6E835BB2E123F3F178D274 /* Copy Pods Resources */,
			);
			buildRules = (
			);
			dependencies = (
			);
			name = MYWeiChat;
			productName = MYWeiChat;
			productReference = E649FEBB1CE8481600A0447F /* MYWeiChat.app */;
			productType = "com.apple.product-type.application";
		};
		E649FED31CE8481600A0447F /* MYWeiChatTests */ = {
			isa = PBXNativeTarget;
			buildConfigurationList = E649FEEB1CE8481600A0447F /* Build configuration list for PBXNativeTarget "MYWeiChatTests" */;
			buildPhases = (
				E649FED01CE8481600A0447F /* Sources */,
				E649FED11CE8481600A0447F /* Frameworks */,
				E649FED21CE8481600A0447F /* Resources */,
			);
			buildRules = (
			);
			dependencies = (
				E649FED61CE8481600A0447F /* PBXTargetDependency */,
			);
			name = MYWeiChatTests;
			productName = MYWeiChatTests;
			productReference = E649FED41CE8481600A0447F /* MYWeiChatTests.xctest */;
			productType = "com.apple.product-type.bundle.unit-test";
		};
		E649FEDE1CE8481600A0447F /* MYWeiChatUITests */ = {
			isa = PBXNativeTarget;
			buildConfigurationList = E649FEEE1CE8481600A0447F /* Build configuration list for PBXNativeTarget "MYWeiChatUITests" */;
			buildPhases = (
				E649FEDB1CE8481600A0447F /* Sources */,
				E649FEDC1CE8481600A0447F /* Frameworks */,
				E649FEDD1CE8481600A0447F /* Resources */,
			);
			buildRules = (
			);
			dependencies = (
				E649FEE11CE8481600A0447F /* PBXTargetDependency */,
			);
			name = MYWeiChatUITests;
			productName = MYWeiChatUITests;
			productReference = E649FEDF1CE8481600A0447F /* MYWeiChatUITests.xctest */;
			productType = "com.apple.product-type.bundle.ui-testing";
		};
/* End PBXNativeTarget section */

/* Begin PBXProject section */
		E649FEB31CE8481600A0447F /* Project object */ = {
			isa = PBXProject;
			attributes = {
				CLASSPREFIX = ZSR;
				LastUpgradeCheck = 0730;
				ORGANIZATIONNAME = hp;
				TargetAttributes = {
					E649FEBA1CE8481600A0447F = {
						CreatedOnToolsVersion = 7.3.1;
						DevelopmentTeam = FJG6A73NSQ;
					};
					E649FED31CE8481600A0447F = {
						CreatedOnToolsVersion = 7.3.1;
						TestTargetID = E649FEBA1CE8481600A0447F;
					};
					E649FEDE1CE8481600A0447F = {
						CreatedOnToolsVersion = 7.3.1;
						TestTargetID = E649FEBA1CE8481600A0447F;
					};
				};
			};
			buildConfigurationList = E649FEB61CE8481600A0447F /* Build configuration list for PBXProject "MYWeiChat" */;
			compatibilityVersion = "Xcode 3.2";
			developmentRegion = English;
			hasScannedForEncodings = 0;
			knownRegions = (
				en,
				Base,
			);
			mainGroup = E649FEB21CE8481600A0447F;
			productRefGroup = E649FEBC1CE8481600A0447F /* Products */;
			projectDirPath = "";
			projectRoot = "";
			targets = (
				E649FEBA1CE8481600A0447F /* MYWeiChat */,
				E649FED31CE8481600A0447F /* MYWeiChatTests */,
				E649FEDE1CE8481600A0447F /* MYWeiChatUITests */,
			);
		};
/* End PBXProject section */

/* Begin PBXResourcesBuildPhase section */
		E649FEB91CE8481600A0447F /* Resources */ = {
			isa = PBXResourcesBuildPhase;
			buildActionMask = 2147483647;
			files = (
				E690695A1CE84BF60014FE63 /* LaunchImage.png in Resources */,
				E69069591CE84BF60014FE63 /* Images.xcassets in Resources */,
				E66F42631CE870F4001217F6 /* friends.plist in Resources */,
				E68276941CE98075009F911A /* ZSRInputView.xib in Resources */,
			);
			runOnlyForDeploymentPostprocessing = 0;
		};
		E649FED21CE8481600A0447F /* Resources */ = {
			isa = PBXResourcesBuildPhase;
			buildActionMask = 2147483647;
			files = (
			);
			runOnlyForDeploymentPostprocessing = 0;
		};
		E649FEDD1CE8481600A0447F /* Resources */ = {
			isa = PBXResourcesBuildPhase;
			buildActionMask = 2147483647;
			files = (
			);
			runOnlyForDeploymentPostprocessing = 0;
		};
/* End PBXResourcesBuildPhase section */

/* Begin PBXShellScriptBuildPhase section */
		2D348058D4AA409CBE01824F /* Embed Pods Frameworks */ = {
			isa = PBXShellScriptBuildPhase;
			buildActionMask = 2147483647;
			files = (
			);
			inputPaths = (
			);
			name = "Embed Pods Frameworks";
			outputPaths = (
			);
			runOnlyForDeploymentPostprocessing = 0;
			shellPath = /bin/sh;
			shellScript = "\"${SRCROOT}/Pods/Target Support Files/Pods/Pods-frameworks.sh\"\n";
			showEnvVarsInLog = 0;
		};
		3A6E835BB2E123F3F178D274 /* Copy Pods Resources */ = {
			isa = PBXShellScriptBuildPhase;
			buildActionMask = 2147483647;
			files = (
			);
			inputPaths = (
			);
			name = "Copy Pods Resources";
			outputPaths = (
			);
			runOnlyForDeploymentPostprocessing = 0;
			shellPath = /bin/sh;
			shellScript = "\"${SRCROOT}/Pods/Target Support Files/Pods/Pods-resources.sh\"\n";
			showEnvVarsInLog = 0;
		};
		6C652EFA26A890A8B1F399F2 /* Check Pods Manifest.lock */ = {
			isa = PBXShellScriptBuildPhase;
			buildActionMask = 2147483647;
			files = (
			);
			inputPaths = (
			);
			name = "Check Pods Manifest.lock";
			outputPaths = (
			);
			runOnlyForDeploymentPostprocessing = 0;
			shellPath = /bin/sh;
			shellScript = "diff \"${PODS_ROOT}/../Podfile.lock\" \"${PODS_ROOT}/Manifest.lock\" > /dev/null\nif [[ $? != 0 ]] ; then\n    cat << EOM\nerror: The sandbox is not in sync with the Podfile.lock. Run 'pod install' or update your CocoaPods installation.\nEOM\n    exit 1\nfi\n";
			showEnvVarsInLog = 0;
		};
/* End PBXShellScriptBuildPhase section */

/* Begin PBXSourcesBuildPhase section */
		E649FEB71CE8481600A0447F /* Sources */ = {
			isa = PBXSourcesBuildPhase;
			buildActionMask = 2147483647;
			files = (
				E66F42691CE8A42C001217F6 /* UIView+Extension.m in Sources */,
				E66F42611CE86D7A001217F6 /* MBProgressHUD+ZSR.m in Sources */,
				E69069501CE84BF60014FE63 /* ZSRDiscoverViewController.m in Sources */,
				E66F42661CE89EE6001217F6 /* ZSRAddFriendViewController.m in Sources */,
				E649FEC01CE8481600A0447F /* main.m in Sources */,
				E69069511CE84BF60014FE63 /* ZSRLoginViewController.m in Sources */,
				E69069531CE84BF60014FE63 /* ZSRStartViewController.m in Sources */,
				E68276921CE9806B009F911A /* ZSRInputView.m in Sources */,
				E69069521CE84BF60014FE63 /* ZSRRegisgerViewController.m in Sources */,
				E69069561CE84BF60014FE63 /* ZSRMeViewController.m in Sources */,
				E690694B1CE84BF60014FE63 /* ZSRContactsViewController.m in Sources */,
				E690694E1CE84BF60014FE63 /* ZSRFriendCell.m in Sources */,
				E69069571CE84BF60014FE63 /* ZSRMessageViewController.m in Sources */,
				E682768D1CE97FF8009F911A /* ZSRChatViewController.m in Sources */,
				E690694F1CE84BF60014FE63 /* ZSRHeaderView.m in Sources */,
				E690694C1CE84BF60014FE63 /* ZSRFriend.m in Sources */,
				E690694D1CE84BF60014FE63 /* ZSRFriendGroup.m in Sources */,
				E69069551CE84BF60014FE63 /* ZSRTabBarViewController.m in Sources */,
				E69069541CE84BF60014FE63 /* ZSRNavigationViewController.m in Sources */,
				E69069581CE84BF60014FE63 /* AppDelegate.m in Sources */,
			);
			runOnlyForDeploymentPostprocessing = 0;
		};
		E649FED01CE8481600A0447F /* Sources */ = {
			isa = PBXSourcesBuildPhase;
			buildActionMask = 2147483647;
			files = (
				E649FED91CE8481600A0447F /* MYWeiChatTests.m in Sources */,
			);
			runOnlyForDeploymentPostprocessing = 0;
		};
		E649FEDB1CE8481600A0447F /* Sources */ = {
			isa = PBXSourcesBuildPhase;
			buildActionMask = 2147483647;
			files = (
				E649FEE41CE8481600A0447F /* MYWeiChatUITests.m in Sources */,
			);
			runOnlyForDeploymentPostprocessing = 0;
		};
/* End PBXSourcesBuildPhase section */

/* Begin PBXTargetDependency section */
		E649FED61CE8481600A0447F /* PBXTargetDependency */ = {
			isa = PBXTargetDependency;
			target = E649FEBA1CE8481600A0447F /* MYWeiChat */;
			targetProxy = E649FED51CE8481600A0447F /* PBXContainerItemProxy */;
		};
		E649FEE11CE8481600A0447F /* PBXTargetDependency */ = {
			isa = PBXTargetDependency;
			target = E649FEBA1CE8481600A0447F /* MYWeiChat */;
			targetProxy = E649FEE01CE8481600A0447F /* PBXContainerItemProxy */;
		};
/* End PBXTargetDependency section */

/* Begin XCBuildConfiguration section */
		E649FEE61CE8481600A0447F /* Debug */ = {
			isa = XCBuildConfiguration;
			buildSettings = {
				ALWAYS_SEARCH_USER_PATHS = NO;
				CLANG_ANALYZER_NONNULL = YES;
				CLANG_CXX_LANGUAGE_STANDARD = "gnu++0x";
				CLANG_CXX_LIBRARY = "libc++";
				CLANG_ENABLE_MODULES = YES;
				CLANG_ENABLE_OBJC_ARC = YES;
				CLANG_WARN_BOOL_CONVERSION = YES;
				CLANG_WARN_CONSTANT_CONVERSION = YES;
				CLANG_WARN_DIRECT_OBJC_ISA_USAGE = YES_ERROR;
				CLANG_WARN_EMPTY_BODY = YES;
				CLANG_WARN_ENUM_CONVERSION = YES;
				CLANG_WARN_INT_CONVERSION = YES;
				CLANG_WARN_OBJC_ROOT_CLASS = YES_ERROR;
				CLANG_WARN_UNREACHABLE_CODE = YES;
				CLANG_WARN__DUPLICATE_METHOD_MATCH = YES;
				"CODE_SIGN_IDENTITY[sdk=iphoneos*]" = "iPhone Developer";
				COPY_PHASE_STRIP = NO;
				DEBUG_INFORMATION_FORMAT = dwarf;
				ENABLE_STRICT_OBJC_MSGSEND = YES;
				ENABLE_TESTABILITY = YES;
				GCC_C_LANGUAGE_STANDARD = gnu99;
				GCC_DYNAMIC_NO_PIC = NO;
				GCC_NO_COMMON_BLOCKS = YES;
				GCC_OPTIMIZATION_LEVEL = 0;
				GCC_PREPROCESSOR_DEFINITIONS = (
					"DEBUG=1",
					"$(inherited)",
				);
				GCC_WARN_64_TO_32_BIT_CONVERSION = YES;
				GCC_WARN_ABOUT_RETURN_TYPE = YES_ERROR;
				GCC_WARN_UNDECLARED_SELECTOR = YES;
				GCC_WARN_UNINITIALIZED_AUTOS = YES_AGGRESSIVE;
				GCC_WARN_UNUSED_FUNCTION = YES;
				GCC_WARN_UNUSED_VARIABLE = YES;
				IPHONEOS_DEPLOYMENT_TARGET = 9.3;
				MTL_ENABLE_DEBUG_INFO = YES;
				ONLY_ACTIVE_ARCH = YES;
				SDKROOT = iphoneos;
				TARGETED_DEVICE_FAMILY = "1,2";
			};
			name = Debug;
		};
		E649FEE71CE8481600A0447F /* Release */ = {
			isa = XCBuildConfiguration;
			buildSettings = {
				ALWAYS_SEARCH_USER_PATHS = NO;
				CLANG_ANALYZER_NONNULL = YES;
				CLANG_CXX_LANGUAGE_STANDARD = "gnu++0x";
				CLANG_CXX_LIBRARY = "libc++";
				CLANG_ENABLE_MODULES = YES;
				CLANG_ENABLE_OBJC_ARC = YES;
				CLANG_WARN_BOOL_CONVERSION = YES;
				CLANG_WARN_CONSTANT_CONVERSION = YES;
				CLANG_WARN_DIRECT_OBJC_ISA_USAGE = YES_ERROR;
				CLANG_WARN_EMPTY_BODY = YES;
				CLANG_WARN_ENUM_CONVERSION = YES;
				CLANG_WARN_INT_CONVERSION = YES;
				CLANG_WARN_OBJC_ROOT_CLASS = YES_ERROR;
				CLANG_WARN_UNREACHABLE_CODE = YES;
				CLANG_WARN__DUPLICATE_METHOD_MATCH = YES;
				"CODE_SIGN_IDENTITY[sdk=iphoneos*]" = "iPhone Developer";
				COPY_PHASE_STRIP = NO;
				DEBUG_INFORMATION_FORMAT = "dwarf-with-dsym";
				ENABLE_NS_ASSERTIONS = NO;
				ENABLE_STRICT_OBJC_MSGSEND = YES;
				GCC_C_LANGUAGE_STANDARD = gnu99;
				GCC_NO_COMMON_BLOCKS = YES;
				GCC_WARN_64_TO_32_BIT_CONVERSION = YES;
				GCC_WARN_ABOUT_RETURN_TYPE = YES_ERROR;
				GCC_WARN_UNDECLARED_SELECTOR = YES;
				GCC_WARN_UNINITIALIZED_AUTOS = YES_AGGRESSIVE;
				GCC_WARN_UNUSED_FUNCTION = YES;
				GCC_WARN_UNUSED_VARIABLE = YES;
				IPHONEOS_DEPLOYMENT_TARGET = 9.3;
				MTL_ENABLE_DEBUG_INFO = NO;
				SDKROOT = iphoneos;
				TARGETED_DEVICE_FAMILY = "1,2";
				VALIDATE_PRODUCT = YES;
			};
			name = Release;
		};
		E649FEE91CE8481600A0447F /* Debug */ = {
			isa = XCBuildConfiguration;
			baseConfigurationReference = 01FEFCC934CC988DED178170 /* Pods.debug.xcconfig */;
			buildSettings = {
				ASSETCATALOG_COMPILER_APPICON_NAME = AppIcon;
				ASSETCATALOG_COMPILER_LAUNCHIMAGE_NAME = LaunchImage;
				CODE_SIGN_IDENTITY = "iPhone Developer";
				"CODE_SIGN_IDENTITY[sdk=iphoneos*]" = "iPhone Developer";
				GCC_PRECOMPILE_PREFIX_HEADER = YES;
				GCC_PREFIX_HEADER = "${SRCROOT}/MYWeiChat/PrefixHeader.pch";
				INFOPLIST_FILE = MYWeiChat/Info.plist;
				IPHONEOS_DEPLOYMENT_TARGET = 8.0;
				LD_RUNPATH_SEARCH_PATHS = "$(inherited) @executable_path/Frameworks";
				PRODUCT_BUNDLE_IDENTIFIER = com.zhang.MYWeiChat;
				PRODUCT_NAME = "$(TARGET_NAME)";
				PROVISIONING_PROFILE = "";
				USER_HEADER_SEARCH_PATHS = "PODS_ROOT/**";
			};
			name = Debug;
		};
		E649FEEA1CE8481600A0447F /* Release */ = {
			isa = XCBuildConfiguration;
			baseConfigurationReference = E5EAFF54E8D049A3AF7F3B48 /* Pods.release.xcconfig */;
			buildSettings = {
				ASSETCATALOG_COMPILER_APPICON_NAME = AppIcon;
				ASSETCATALOG_COMPILER_LAUNCHIMAGE_NAME = LaunchImage;
				CODE_SIGN_IDENTITY = "iPhone Developer";
				"CODE_SIGN_IDENTITY[sdk=iphoneos*]" = "iPhone Developer";
				GCC_PRECOMPILE_PREFIX_HEADER = YES;
				GCC_PREFIX_HEADER = "${SRCROOT}/MYWeiChat/PrefixHeader.pch";
				INFOPLIST_FILE = MYWeiChat/Info.plist;
				IPHONEOS_DEPLOYMENT_TARGET = 8.0;
				LD_RUNPATH_SEARCH_PATHS = "$(inherited) @executable_path/Frameworks";
				PRODUCT_BUNDLE_IDENTIFIER = com.zhang.MYWeiChat;
				PRODUCT_NAME = "$(TARGET_NAME)";
				PROVISIONING_PROFILE = "";
				USER_HEADER_SEARCH_PATHS = "PODS_ROOT/**";
			};
			name = Release;
		};
		E649FEEC1CE8481600A0447F /* Debug */ = {
			isa = XCBuildConfiguration;
			buildSettings = {
				BUNDLE_LOADER = "$(TEST_HOST)";
				INFOPLIST_FILE = MYWeiChatTests/Info.plist;
				LD_RUNPATH_SEARCH_PATHS = "$(inherited) @executable_path/Frameworks @loader_path/Frameworks";
				PRODUCT_BUNDLE_IDENTIFIER = com.zhang.MYWeiChatTests;
				PRODUCT_NAME = "$(TARGET_NAME)";
				TEST_HOST = "$(BUILT_PRODUCTS_DIR)/MYWeiChat.app/MYWeiChat";
			};
			name = Debug;
		};
		E649FEED1CE8481600A0447F /* Release */ = {
			isa = XCBuildConfiguration;
			buildSettings = {
				BUNDLE_LOADER = "$(TEST_HOST)";
				INFOPLIST_FILE = MYWeiChatTests/Info.plist;
				LD_RUNPATH_SEARCH_PATHS = "$(inherited) @executable_path/Frameworks @loader_path/Frameworks";
				PRODUCT_BUNDLE_IDENTIFIER = com.zhang.MYWeiChatTests;
				PRODUCT_NAME = "$(TARGET_NAME)";
				TEST_HOST = "$(BUILT_PRODUCTS_DIR)/MYWeiChat.app/MYWeiChat";
			};
			name = Release;
		};
		E649FEEF1CE8481600A0447F /* Debug */ = {
			isa = XCBuildConfiguration;
			buildSettings = {
				INFOPLIST_FILE = MYWeiChatUITests/Info.plist;
				LD_RUNPATH_SEARCH_PATHS = "$(inherited) @executable_path/Frameworks @loader_path/Frameworks";
				PRODUCT_BUNDLE_IDENTIFIER = com.zhang.MYWeiChatUITests;
				PRODUCT_NAME = "$(TARGET_NAME)";
				TEST_TARGET_NAME = MYWeiChat;
			};
			name = Debug;
		};
		E649FEF01CE8481600A0447F /* Release */ = {
			isa = XCBuildConfiguration;
			buildSettings = {
				INFOPLIST_FILE = MYWeiChatUITests/Info.plist;
				LD_RUNPATH_SEARCH_PATHS = "$(inherited) @executable_path/Frameworks @loader_path/Frameworks";
				PRODUCT_BUNDLE_IDENTIFIER = com.zhang.MYWeiChatUITests;
				PRODUCT_NAME = "$(TARGET_NAME)";
				TEST_TARGET_NAME = MYWeiChat;
			};
			name = Release;
		};
/* End XCBuildConfiguration section */

/* Begin XCConfigurationList section */
		E649FEB61CE8481600A0447F /* Build configuration list for PBXProject "MYWeiChat" */ = {
			isa = XCConfigurationList;
			buildConfigurations = (
				E649FEE61CE8481600A0447F /* Debug */,
				E649FEE71CE8481600A0447F /* Release */,
			);
			defaultConfigurationIsVisible = 0;
			defaultConfigurationName = Release;
		};
		E649FEE81CE8481600A0447F /* Build configuration list for PBXNativeTarget "MYWeiChat" */ = {
			isa = XCConfigurationList;
			buildConfigurations = (
				E649FEE91CE8481600A0447F /* Debug */,
				E649FEEA1CE8481600A0447F /* Release */,
			);
			defaultConfigurationIsVisible = 0;
			defaultConfigurationName = Release;
		};
		E649FEEB1CE8481600A0447F /* Build configuration list for PBXNativeTarget "MYWeiChatTests" */ = {
			isa = XCConfigurationList;
			buildConfigurations = (
				E649FEEC1CE8481600A0447F /* Debug */,
				E649FEED1CE8481600A0447F /* Release */,
			);
			defaultConfigurationIsVisible = 0;
			defaultConfigurationName = Release;
		};
		E649FEEE1CE8481600A0447F /* Build configuration list for PBXNativeTarget "MYWeiChatUITests" */ = {
			isa = XCConfigurationList;
			buildConfigurations = (
				E649FEEF1CE8481600A0447F /* Debug */,
				E649FEF01CE8481600A0447F /* Release */,
			);
			defaultConfigurationIsVisible = 0;
			defaultConfigurationName = Release;
		};
/* End XCConfigurationList section */
	};
	rootObject = E649FEB31CE8481600A0447F /* Project object */;
}
